{
	"name": "@skirmish/cli",
	"version": "0.0.1-next.1",
	"lockfileVersion": 1,
	"requires": true,
	"dependencies": {
		"@nofrills/collections": {
			"version": "5.0.1",
			"resolved": "https://registry.npmjs.org/@nofrills/collections/-/collections-5.0.1.tgz",
			"integrity": "sha512-X8WaS6rbdMhv5FGPKiumgrMhLFUBQgYcE2fSxo6g3v/CjHFcoQ1CPLFFz4PcQZO1PLwpmpUpRC1lLV87TfYxwQ=="
		},
		"@nofrills/lincoln": {
			"version": "6.0.0",
			"resolved": "https://registry.npmjs.org/@nofrills/lincoln/-/lincoln-6.0.0.tgz",
			"integrity": "sha512-Ia8c/jIcLL/frYOyrDsIHt3Ljodo6lmxHeLhejGSliJyHNJtK9qsvTognDALaSBEVSE71gWnFnkRBBTqeFFeng==",
			"requires": {
				"@nofrills/collections": "^5.0.1",
				"uuid": "^3.3.3"
			}
		},
		"@nofrills/lincoln-debug": {
			"version": "6.0.0",
			"resolved": "https://registry.npmjs.org/@nofrills/lincoln-debug/-/lincoln-debug-6.0.0.tgz",
			"integrity": "sha512-bQtDvwSRN7FACDp0tYKGoBy8q2p8LqklUfuI74ADq9TLBqCJc0lBvHxwtBKp09wqeaEZ7JZTcldoKe17tHPi6A==",
			"requires": {
				"@nofrills/collections": "^5.0.1",
				"debug": "^4.1.1"
			}
		},
		"debug": {
			"version": "4.1.1",
			"resolved": "https://registry.npmjs.org/debug/-/debug-4.1.1.tgz",
			"integrity": "sha512-pYAIzeRo8J6KPEaJ0VWOh5Pzkbw/RetuzehGM7QRRX5he4fPHx2rdKMB256ehJCkX+XRQm16eZLqLNS8RSZXZw==",
			"requires": {
				"ms": "^2.1.1"
			}
		},
		"ms": {
			"version": "2.1.2",
			"resolved": "https://registry.npmjs.org/ms/-/ms-2.1.2.tgz",
			"integrity": "sha512-sGkPx+VjMtmA6MX27oA4FBFELFCZZ4S4XqeGOXCv68tT+jb3vk/RyaKWP0PTKyWtmLSM0b+adUTEvbs1PEaH2w=="
		},
		"uuid": {
			"version": "3.3.3",
			"resolved": "https://registry.npmjs.org/uuid/-/uuid-3.3.3.tgz",
			"integrity": "sha512-pW0No1RGHgzlpHJO1nsVrHKpOEIxkGg1xB+v0ZmdNH5OAeAwzAVrCnI2/6Mtx+Uys6iaylxa+D3g4j63IKKjSQ=="
		}
	}
}
